// !$*UTF8*$!
{
	archiveVersion = 1;
	classes = {
	};
	objectVersion = 77;
	objects = {

/* Begin PBXBuildFile section */
		E4033BA32F1BC53D00A7B886 /* OpenCC in Frameworks */ = {isa = PBXBuildFile; productRef = E4033BA22F1BC53D00A7B886 /* OpenCC */; };
		E427B77D3007F96E003649A2 /* QuickLookThumbnailing.framework in Frameworks */ = {isa = PBXBuildFile; fileRef = E427B77C3007F96E003649A2 /* QuickLookThumbnailing.framework */; };
		E427B7843007F96E003649A2 /* mankaiThumbnail.appex in Embed Foundation Extensions */ = {isa = PBXBuildFile; fileRef = E427B77B3007F96E003649A2 /* mankaiThumbnail.appex */; settings = {ATTRIBUTES = (RemoveHeadersOnCopy, ); }; };
		E427B8743007F9E2003649A2 /* ZIPFoundation in Frameworks */ = {isa = PBXBuildFile; productRef = E427B8733007F9E2003649A2 /* ZIPFoundation */; };
		E42E15032E2A9951006F8B98 /* GRDB in Frameworks */ = {isa = PBXBuildFile; productRef = E42E15022E2A9951006F8B98 /* GRDB */; };
		E4643183301F5A40003786FA /* UnrarKit in Frameworks */ = {isa = PBXBuildFile; productRef = E4643182301F5A40003786FA /* UnrarKit */; };
		E4643185301F5A40003786FA /* UnrarKit in Frameworks */ = {isa = PBXBuildFile; productRef = E4643184301F5A40003786FA /* UnrarKit */; };
		E46452943020E344003786FA /* SwiftPackageListUI in Frameworks */ = {isa = PBXBuildFile; productRef = E46452933020E344003786FA /* SwiftPackageListUI */; };
		E46452A13020F123003786FA /* LICENSE in Resources */ = {isa = PBXBuildFile; fileRef = E46452A03020F123003786FA /* LICENSE */; };
		E46469DD302264CA003786FA /* SwiftSMB in Frameworks */ = {isa = PBXBuildFile; productRef = E46469DC302264CA003786FA /* SwiftSMB */; };
		E464751330239A9C003786FA /* ReerCodable in Frameworks */ = {isa = PBXBuildFile; productRef = E464751230239A9C003786FA /* ReerCodable */; };
		E4840F002F42418F0029353D /* InfoPlist.xcstrings in Resources */ = {isa = PBXBuildFile; fileRef = E4840EFF2F42418F0029353D /* InfoPlist.xcstrings */; };
		E4957CDC304191BB001BC491 /* NFSKit in Frameworks */ = {isa = PBXBuildFile; productRef = E4957CDB304191BB001BC491 /* NFSKit */; };
		E4958E102F2FABE1004F2F4D /* Supabase in Frameworks */ = {isa = PBXBuildFile; productRef = E4958E0F2F2FABE1004F2F4D /* Supabase */; };
		E49598D930458D7B001BC491 /* Citadel in Frameworks */ = {isa = PBXBuildFile; productRef = E49598D830458D7B001BC491 /* Citadel */; };
		E4C616472E0DA05400AC484A /* WrappingHStack in Frameworks */ = {isa = PBXBuildFile; productRef = E4C616462E0DA05400AC484A /* WrappingHStack */; };
		E4CAEFFC3006797500208FB4 /* ZIPFoundation in Frameworks */ = {isa = PBXBuildFile; productRef = E4CAEFFB3006797500208FB4 /* ZIPFoundation */; };
		E4ED565F303371BB00F0499C /* WebDAV in Frameworks */ = {isa = PBXBuildFile; productRef = E4ED565E303371BB00F0499C /* WebDAV */; };
		E4ED56643033720700F0499C /* SWXMLHash in Frameworks */ = {isa = PBXBuildFile; productRef = E4ED56633033720700F0499C /* SWXMLHash */; };
		E4ED56673033735F00F0499C /* SWXMLHash in Frameworks */ = {isa = PBXBuildFile; productRef = E4ED56663033735F00F0499C /* SWXMLHash */; };
		E4FD1E772E0AC5C6000E430F /* Localizable.xcstrings in Resources */ = {isa = PBXBuildFile; fileRef = E4FD1E762E0AC5C6000E430F /* Localizable.xcstrings */; };
/* End PBXBuildFile section */

/* Begin PBXContainerItemProxy section */
		E427B7823007F96E003649A2 /* PBXContainerItemProxy */ = {
			isa = PBXContainerItemProxy;
			containerPortal = E40C6B2C2E05A95700AF2FC9 /* Project object */;
			proxyType = 1;
			remoteGlobalIDString = E427B77A3007F96E003649A2;
			remoteInfo = mankaiThumbnail;
		};
/* End PBXContainerItemProxy section */

/* Begin PBXCopyFilesBuildPhase section */
		E427B7853007F96E003649A2 /* Embed Foundation Extensions */ = {
			isa = PBXCopyFilesBuildPhase;
			buildActionMask = 2147483647;
			dstPath = "";
			dstSubfolderSpec = 13;
			files = (
				E427B7843007F96E003649A2 /* mankaiThumbnail.appex in Embed Foundation Extensions */,
			);
			name = "Embed Foundation Extensions";
			runOnlyForDeploymentPostprocessing = 0;
		};
/* End PBXCopyFilesBuildPhase section */

/* Begin PBXFileReference section */
		E40C6B342E05A95700AF2FC9 /* mankai.app */ = {isa = PBXFileReference; explicitFileType = wrapper.application; includeInIndex = 0; path = mankai.app; sourceTree = BUILT_PRODUCTS_DIR; };
		E427B77B3007F96E003649A2 /* mankaiThumbnail.appex */ = {isa = PBXFileReference; explicitFileType = "wrapper.app-extension"; includeInIndex = 0; path = mankaiThumbnail.appex; sourceTree = BUILT_PRODUCTS_DIR; };
		E427B77C3007F96E003649A2 /* QuickLookThumbnailing.framework */ = {isa = PBXFileReference; lastKnownFileType = wrapper.framework; name = QuickLookThumbnailing.framework; path = System/Library/Frameworks/QuickLookThumbnailing.framework; sourceTree = SDKROOT; };
		E46452A03020F123003786FA /* LICENSE */ = {isa = PBXFileReference; lastKnownFileType = text; path = LICENSE; sourceTree = "<group>"; };
		E4840EFF2F42418F0029353D /* InfoPlist.xcstrings */ = {isa = PBXFileReference; lastKnownFileType = text.json.xcstrings; path = InfoPlist.xcstrings; sourceTree = "<group>"; };
		E4FD1E762E0AC5C6000E430F /* Localizable.xcstrings */ = {isa = PBXFileReference; lastKnownFileType = text.json.xcstrings; path = Localizable.xcstrings; sourceTree = "<group>"; };
/* End PBXFileReference section */

/* Begin PBXFileSystemSynchronizedBuildFileExceptionSet section */
		E427B7893007F96E003649A2 /* Exceptions for "mankaiThumbnail" folder in "mankaiThumbnail" target */ = {
			isa = PBXFileSystemSynchronizedBuildFileExceptionSet;
			membershipExceptions = (
				Info.plist,
			);
			target = E427B77A3007F96E003649A2 /* mankaiThumbnail */;
		};
		E4C616AF2E153A1400AC484A /* Exceptions for "mankai" folder in "mankai" target */ = {
			isa = PBXFileSystemSynchronizedBuildFileExceptionSet;
			membershipExceptions = (
				Info.plist,
			);
			target = E40C6B332E05A95700AF2FC9 /* mankai */;
		};
/* End PBXFileSystemSynchronizedBuildFileExceptionSet section */

/* Begin PBXFileSystemSynchronizedRootGroup section */
		E40C6B902E06869400AF2FC9 /* mankai */ = {
			isa = PBXFileSystemSynchronizedRootGroup;
			exceptions = (
				E4C616AF2E153A1400AC484A /* Exceptions for "mankai" folder in "mankai" target */,
			);
			path = mankai;
			sourceTree = "<group>";
		};
		E427B77E3007F96E003649A2 /* mankaiThumbnail */ = {
			isa = PBXFileSystemSynchronizedRootGroup;
			exceptions = (
				E427B7893007F96E003649A2 /* Exceptions for "mankaiThumbnail" folder in "mankaiThumbnail" target */,
			);
			path = mankaiThumbnail;
			sourceTree = "<group>";
		};
/* End PBXFileSystemSynchronizedRootGroup section */

/* Begin PBXFrameworksBuildPhase section */
		E40C6B312E05A95700AF2FC9 /* Frameworks */ = {
			isa = PBXFrameworksBuildPhase;
			buildActionMask = 2147483647;
			files = (
				E4ED56643033720700F0499C /* SWXMLHash in Frameworks */,
				E46452943020E344003786FA /* SwiftPackageListUI in Frameworks */,
				E46469DD302264CA003786FA /* SwiftSMB in Frameworks */,
				E4643183301F5A40003786FA /* UnrarKit in Frameworks */,
				E4958E102F2FABE1004F2F4D /* Supabase in Frameworks */,
				E4957CDC304191BB001BC491 /* NFSKit in Frameworks */,
				E464751330239A9C003786FA /* ReerCodable in Frameworks */,
				E4ED565F303371BB00F0499C /* WebDAV in Frameworks */,
				E4033BA32F1BC53D00A7B886 /* OpenCC in Frameworks */,
				E4C616472E0DA05400AC484A /* WrappingHStack in Frameworks */,
				E49598D930458D7B001BC491 /* Citadel in Frameworks */,
				E42E15032E2A9951006F8B98 /* GRDB in Frameworks */,
				E4CAEFFC3006797500208FB4 /* ZIPFoundation in Frameworks */,
			);
			runOnlyForDeploymentPostprocessing = 0;
		};
		E427B7783007F96E003649A2 /* Frameworks */ = {
			isa = PBXFrameworksBuildPhase;
			buildActionMask = 2147483647;
			files = (
				E4ED56673033735F00F0499C /* SWXMLHash in Frameworks */,
				E427B77D3007F96E003649A2 /* QuickLookThumbnailing.framework in Frameworks */,
				E4643185301F5A40003786FA /* UnrarKit in Frameworks */,
				E427B8743007F9E2003649A2 /* ZIPFoundation in Frameworks */,
			);
			runOnlyForDeploymentPostprocessing = 0;
		};
/* End PBXFrameworksBuildPhase section */

/* Begin PBXGroup section */
		E40C6B2B2E05A95700AF2FC9 = {
			isa = PBXGroup;
			children = (
				E46452A03020F123003786FA /* LICENSE */,
				E4840EFF2F42418F0029353D /* InfoPlist.xcstrings */,
				E4FD1E762E0AC5C6000E430F /* Localizable.xcstrings */,
				E40C6B902E06869400AF2FC9 /* mankai */,
				E427B77E3007F96E003649A2 /* mankaiThumbnail */,
				E4958E132F2FB386004F2F4D /* Frameworks */,
				E40C6B352E05A95700AF2FC9 /* Products */,
			);
			sourceTree = "<group>";
		};
		E40C6B352E05A95700AF2FC9 /* Products */ = {
			isa = PBXGroup;
			children = (
				E40C6B342E05A95700AF2FC9 /* mankai.app */,
				E427B77B3007F96E003649A2 /* mankaiThumbnail.appex */,
			);
			name = Products;
			sourceTree = "<group>";
		};
		E4958E132F2FB386004F2F4D /* Frameworks */ = {
			isa = PBXGroup;
			children = (
				E427B77C3007F96E003649A2 /* QuickLookThumbnailing.framework */,
			);
			name = Frameworks;
			sourceTree = "<group>";
		};
/* End PBXGroup section */

/* Begin PBXNativeTarget section */
		E40C6B332E05A95700AF2FC9 /* mankai */ = {
			isa = PBXNativeTarget;
			buildConfigurationList = E40C6B422E05A95900AF2FC9 /* Build configuration list for PBXNativeTarget "mankai" */;
			buildPhases = (
				E40C6B302E05A95700AF2FC9 /* Sources */,
				E40C6B312E05A95700AF2FC9 /* Frameworks */,
				E40C6B322E05A95700AF2FC9 /* Resources */,
				E427B7853007F96E003649A2 /* Embed Foundation Extensions */,
			);
			buildRules = (
			);
			dependencies = (
				E46452963020E357003786FA /* PBXTargetDependency */,
				E427B7833007F96E003649A2 /* PBXTargetDependency */,
			);
			fileSystemSynchronizedGroups = (
				E40C6B902E06869400AF2FC9 /* mankai */,
			);
			name = mankai;
			packageProductDependencies = (
				E4C616462E0DA05400AC484A /* WrappingHStack */,
				E42E15022E2A9951006F8B98 /* GRDB */,
				E4033BA22F1BC53D00A7B886 /* OpenCC */,
				E4958E0F2F2FABE1004F2F4D /* Supabase */,
				E4CAEFFB3006797500208FB4 /* ZIPFoundation */,
				E4643182301F5A40003786FA /* UnrarKit */,
				E46452933020E344003786FA /* SwiftPackageListUI */,
				E46469DC302264CA003786FA /* SwiftSMB */,
				E464751230239A9C003786FA /* ReerCodable */,
				E4ED565E303371BB00F0499C /* WebDAV */,
				E4ED56633033720700F0499C /* SWXMLHash */,
				E4957CDB304191BB001BC491 /* NFSKit */,
				E49598D830458D7B001BC491 /* Citadel */,
			);
			productName = mankai;
			productReference = E40C6B342E05A95700AF2FC9 /* mankai.app */;
			productType = "com.apple.product-type.application";
		};
		E427B77A3007F96E003649A2 /* mankaiThumbnail */ = {
			isa = PBXNativeTarget;
			buildConfigurationList = E427B7883007F96E003649A2 /* Build configuration list for PBXNativeTarget "mankaiThumbnail" */;
			buildPhases = (
				E427B7773007F96E003649A2 /* Sources */,
				E427B7783007F96E003649A2 /* Frameworks */,
				E427B7793007F96E003649A2 /* Resources */,
			);
			buildRules = (
			);
			dependencies = (
			);
			fileSystemSynchronizedGroups = (
				E427B77E3007F96E003649A2 /* mankaiThumbnail */,
			);
			name = mankaiThumbnail;
			packageProductDependencies = (
				E427B8733007F9E2003649A2 /* ZIPFoundation */,
				E4643184301F5A40003786FA /* UnrarKit */,
				E4ED56663033735F00F0499C /* SWXMLHash */,
			);
			productName = mankaiThumbnail;
			productReference = E427B77B3007F96E003649A2 /* mankaiThumbnail.appex */;
			productType = "com.apple.product-type.app-extension";
		};
/* End PBXNativeTarget section */

/* Begin PBXProject section */
		E40C6B2C2E05A95700AF2FC9 /* Project object */ = {
			isa = PBXProject;
			attributes = {
				BuildIndependentTargetsInParallel = 1;
				LastSwiftUpdateCheck = 2660;
				LastUpgradeCheck = 2610;
				TargetAttributes = {
					E40C6B332E05A95700AF2FC9 = {
						CreatedOnToolsVersion = 16.2;
					};
					E427B77A3007F96E003649A2 = {
						CreatedOnToolsVersion = 26.6;
					};
				};
			};
			buildConfigurationList = E40C6B2F2E05A95700AF2FC9 /* Build configuration list for PBXProject "mankai" */;
			developmentRegion = en;
			hasScannedForEncodings = 0;
			knownRegions = (
				en,
				Base,
				"zh-Hant",
				ja,
				"zh-Hans",
			);
			mainGroup = E40C6B2B2E05A95700AF2FC9;
			minimizedProjectReferenceProxies = 1;
			packageReferences = (
				E4C616452E0DA05400AC484A /* XCRemoteSwiftPackageReference "WrappingHStack" */,
				E42E15012E2A9951006F8B98 /* XCRemoteSwiftPackageReference "GRDB.swift" */,
				E4033BA12F1BC53D00A7B886 /* XCRemoteSwiftPackageReference "SwiftyOpenCC" */,
				E4958E0E2F2FABE1004F2F4D /* XCRemoteSwiftPackageReference "supabase-swift" */,
				E4CAEFFA3006797500208FB4 /* XCRemoteSwiftPackageReference "ZIPFoundation" */,
				E4643181301F5A40003786FA /* XCRemoteSwiftPackageReference "UnrarKit" */,
				E46452923020E344003786FA /* XCRemoteSwiftPackageReference "swift-package-list" */,
				E46469DB302264CA003786FA /* XCRemoteSwiftPackageReference "SwiftSMB" */,
				E464751130239A9C003786FA /* XCRemoteSwiftPackageReference "ReerCodable" */,
				E4ED565D303371BB00F0499C /* XCRemoteSwiftPackageReference "WebDAV-Swift" */,
				E4ED56623033720700F0499C /* XCRemoteSwiftPackageReference "SWXMLHash" */,
				E4957CDA304191BB001BC491 /* XCRemoteSwiftPackageReference "NFSKit" */,
				E49598D730458D7B001BC491 /* XCRemoteSwiftPackageReference "Citadel" */,
			);
			preferredProjectObjectVersion = 77;
			productRefGroup = E40C6B352E05A95700AF2FC9 /* Products */;
			projectDirPath = "";
			projectRoot = "";
			targets = (
				E40C6B332E05A95700AF2FC9 /* mankai */,
				E427B77A3007F96E003649A2 /* mankaiThumbnail */,
			);
		};
/* End PBXProject section */

/* Begin PBXResourcesBuildPhase section */
		E40C6B322E05A95700AF2FC9 /* Resources */ = {
			isa = PBXResourcesBuildPhase;
			buildActionMask = 2147483647;
			files = (
				E46452A13020F123003786FA /* LICENSE in Resources */,
				E4FD1E772E0AC5C6000E430F /* Localizable.xcstrings in Resources */,
				E4840F002F42418F0029353D /* InfoPlist.xcstrings in Resources */,
			);
			runOnlyForDeploymentPostprocessing = 0;
		};
		E427B7793007F96E003649A2 /* Resources */ = {
			isa = PBXResourcesBuildPhase;
			buildActionMask = 2147483647;
			files = (
			);
			runOnlyForDeploymentPostprocessing = 0;
		};
/* End PBXResourcesBuildPhase section */

/* Begin PBXSourcesBuildPhase section */
		E40C6B302E05A95700AF2FC9 /* Sources */ = {
			isa = PBXSourcesBuildPhase;
			buildActionMask = 2147483647;
			files = (
			);
			runOnlyForDeploymentPostprocessing = 0;
		};
		E427B7773007F96E003649A2 /* Sources */ = {
			isa = PBXSourcesBuildPhase;
			buildActionMask = 2147483647;
			files = (
			);
			runOnlyForDeploymentPostprocessing = 0;
		};
/* End PBXSourcesBuildPhase section */

/* Begin PBXTargetDependency section */
		E427B7833007F96E003649A2 /* PBXTargetDependency */ = {
			isa = PBXTargetDependency;
			target = E427B77A3007F96E003649A2 /* mankaiThumbnail */;
			targetProxy = E427B7823007F96E003649A2 /* PBXContainerItemProxy */;
		};
		E46452963020E357003786FA /* PBXTargetDependency */ = {
			isa = PBXTargetDependency;
			productRef = E46452953020E357003786FA /* SwiftPackageListPlugin */;
		};
/* End PBXTargetDependency section */

/* Begin XCBuildConfiguration section */
		E40C6B402E05A95900AF2FC9 /* Debug */ = {
			isa = XCBuildConfiguration;
			buildSettings = {
				ALWAYS_SEARCH_USER_PATHS = NO;
				ASSETCATALOG_COMPILER_GENERATE_SWIFT_ASSET_SYMBOL_EXTENSIONS = YES;
				CLANG_ANALYZER_LOCALIZABILITY_NONLOCALIZED = YES;
				CLANG_ANALYZER_NONNULL = YES;
				CLANG_ANALYZER_NUMBER_OBJECT_CONVERSION = YES_AGGRESSIVE;
				CLANG_CXX_LANGUAGE_STANDARD = "gnu++20";
				CLANG_ENABLE_MODULES = YES;
				CLANG_ENABLE_OBJC_ARC = YES;
				CLANG_ENABLE_OBJC_WEAK = YES;
				CLANG_WARN_BLOCK_CAPTURE_AUTORELEASING = YES;
				CLANG_WARN_BOOL_CONVERSION = YES;
				CLANG_WARN_COMMA = YES;
				CLANG_WARN_CONSTANT_CONVERSION = YES;
				CLANG_WARN_DEPRECATED_OBJC_IMPLEMENTATIONS = YES;
				CLANG_WARN_DIRECT_OBJC_ISA_USAGE = YES_ERROR;
				CLANG_WARN_DOCUMENTATION_COMMENTS = YES;
				CLANG_WARN_EMPTY_BODY = YES;
				CLANG_WARN_ENUM_CONVERSION = YES;
				CLANG_WARN_INFINITE_RECURSION = YES;
				CLANG_WARN_INT_CONVERSION = YES;
				CLANG_WARN_NON_LITERAL_NULL_CONVERSION = YES;
				CLANG_WARN_OBJC_IMPLICIT_RETAIN_SELF = YES;
				CLANG_WARN_OBJC_LITERAL_CONVERSION = YES;
				CLANG_WARN_OBJC_ROOT_CLASS = YES_ERROR;
				CLANG_WARN_QUOTED_INCLUDE_IN_FRAMEWORK_HEADER = YES;
				CLANG_WARN_RANGE_LOOP_ANALYSIS = YES;
				CLANG_WARN_STRICT_PROTOTYPES = YES;
				CLANG_WARN_SUSPICIOUS_MOVE = YES;
				CLANG_WARN_UNGUARDED_AVAILABILITY = YES_AGGRESSIVE;
				CLANG_WARN_UNREACHABLE_CODE = YES;
				CLANG_WARN__DUPLICATE_METHOD_MATCH = YES;
				COPY_PHASE_STRIP = NO;
				DEBUG_INFORMATION_FORMAT = dwarf;
				DEVELOPMENT_TEAM = 27YQ6QDS2R;
				ENABLE_STRICT_OBJC_MSGSEND = YES;
				ENABLE_TESTABILITY = YES;
				ENABLE_USER_SCRIPT_SANDBOXING = YES;
				GCC_C_LANGUAGE_STANDARD = gnu17;
				GCC_DYNAMIC_NO_PIC = NO;
				GCC_NO_COMMON_BLOCKS = YES;
				GCC_OPTIMIZATION_LEVEL = 0;
				GCC_PREPROCESSOR_DEFINITIONS = (
					"DEBUG=1",
					"$(inherited)",
				);
				GCC_WARN_64_TO_32_BIT_CONVERSION = YES;
				GCC_WARN_ABOUT_RETURN_TYPE = YES_ERROR;
				GCC_WARN_UNDECLARED_SELECTOR = YES;
				GCC_WARN_UNINITIALIZED_AUTOS = YES_AGGRESSIVE;
				GCC_WARN_UNUSED_FUNCTION = YES;
				GCC_WARN_UNUSED_VARIABLE = YES;
				IPHONEOS_DEPLOYMENT_TARGET = 18.2;
				LOCALIZATION_PREFERS_STRING_CATALOGS = YES;
				MTL_ENABLE_DEBUG_INFO = INCLUDE_SOURCE;
				MTL_FAST_MATH = YES;
				ONLY_ACTIVE_ARCH = YES;
				SDKROOT = iphoneos;
				STRING_CATALOG_GENERATE_SYMBOLS = YES;
				SWIFT_ACTIVE_COMPILATION_CONDITIONS = "DEBUG $(inherited)";
				SWIFT_EMIT_LOC_STRINGS = YES;
				SWIFT_OPTIMIZATION_LEVEL = "-Onone";
			};
			name = Debug;
		};
		E40C6B412E05A95900AF2FC9 /* Release */ = {
			isa = XCBuildConfiguration;
			buildSettings = {
				ALWAYS_SEARCH_USER_PATHS = NO;
				ASSETCATALOG_COMPILER_GENERATE_SWIFT_ASSET_SYMBOL_EXTENSIONS = YES;
				CLANG_ANALYZER_LOCALIZABILITY_NONLOCALIZED = YES;
				CLANG_ANALYZER_NONNULL = YES;
				CLANG_ANALYZER_NUMBER_OBJECT_CONVERSION = YES_AGGRESSIVE;
				CLANG_CXX_LANGUAGE_STANDARD = "gnu++20";
				CLANG_ENABLE_MODULES = YES;
				CLANG_ENABLE_OBJC_ARC = YES;
				CLANG_ENABLE_OBJC_WEAK = YES;
				CLANG_WARN_BLOCK_CAPTURE_AUTORELEASING = YES;
				CLANG_WARN_BOOL_CONVERSION = YES;
				CLANG_WARN_COMMA = YES;
				CLANG_WARN_CONSTANT_CONVERSION = YES;
				CLANG_WARN_DEPRECATED_OBJC_IMPLEMENTATIONS = YES;
				CLANG_WARN_DIRECT_OBJC_ISA_USAGE = YES_ERROR;
				CLANG_WARN_DOCUMENTATION_COMMENTS = YES;
				CLANG_WARN_EMPTY_BODY = YES;
				CLANG_WARN_ENUM_CONVERSION = YES;
				CLANG_WARN_INFINITE_RECURSION = YES;
				CLANG_WARN_INT_CONVERSION = YES;
				CLANG_WARN_NON_LITERAL_NULL_CONVERSION = YES;
				CLANG_WARN_OBJC_IMPLICIT_RETAIN_SELF = YES;
				CLANG_WARN_OBJC_LITERAL_CONVERSION = YES;
				CLANG_WARN_OBJC_ROOT_CLASS = YES_ERROR;
				CLANG_WARN_QUOTED_INCLUDE_IN_FRAMEWORK_HEADER = YES;
				CLANG_WARN_RANGE_LOOP_ANALYSIS = YES;
				CLANG_WARN_STRICT_PROTOTYPES = YES;
				CLANG_WARN_SUSPICIOUS_MOVE = YES;
				CLANG_WARN_UNGUARDED_AVAILABILITY = YES_AGGRESSIVE;
				CLANG_WARN_UNREACHABLE_CODE = YES;
				CLANG_WARN__DUPLICATE_METHOD_MATCH = YES;
				COPY_PHASE_STRIP = NO;
				DEBUG_INFORMATION_FORMAT = "dwarf-with-dsym";
				DEVELOPMENT_TEAM = 27YQ6QDS2R;
				ENABLE_NS_ASSERTIONS = NO;
				ENABLE_STRICT_OBJC_MSGSEND = YES;
				ENABLE_USER_SCRIPT_SANDBOXING = YES;
				GCC_C_LANGUAGE_STANDARD = gnu17;
				GCC_NO_COMMON_BLOCKS = YES;
				GCC_WARN_64_TO_32_BIT_CONVERSION = YES;
				GCC_WARN_ABOUT_RETURN_TYPE = YES_ERROR;
				GCC_WARN_UNDECLARED_SELECTOR = YES;
				GCC_WARN_UNINITIALIZED_AUTOS = YES_AGGRESSIVE;
				GCC_WARN_UNUSED_FUNCTION = YES;
				GCC_WARN_UNUSED_VARIABLE = YES;
				IPHONEOS_DEPLOYMENT_TARGET = 18.2;
				LOCALIZATION_PREFERS_STRING_CATALOGS = YES;
				MTL_ENABLE_DEBUG_INFO = NO;
				MTL_FAST_MATH = YES;
				SDKROOT = iphoneos;
				STRING_CATALOG_GENERATE_SYMBOLS = YES;
				SWIFT_COMPILATION_MODE = wholemodule;
				SWIFT_EMIT_LOC_STRINGS = YES;
				VALIDATE_PRODUCT = YES;
			};
			name = Release;
		};
		E40C6B432E05A95900AF2FC9 /* Debug */ = {
			isa = XCBuildConfiguration;
			buildSettings = {
				ASSETCATALOG_COMPILER_ALTERNATE_APPICON_NAMES = "HiganbanaIcon LilyIcon RoseIcon";
				ASSETCATALOG_COMPILER_APPICON_NAME = SakuraIcon;
				ASSETCATALOG_COMPILER_GLOBAL_ACCENT_COLOR_NAME = SakuraColor;
				ASSETCATALOG_COMPILER_INCLUDE_ALL_APPICON_ASSETS = NO;
				CODE_SIGN_STYLE = Automatic;
				CURRENT_PROJECT_VERSION = 88;
				DEVELOPMENT_ASSET_PATHS = "";
				DEVELOPMENT_TEAM = 27YQ6QDS2R;
				ENABLE_PREVIEWS = YES;
				GENERATE_INFOPLIST_FILE = YES;
				INFOPLIST_FILE = mankai/Info.plist;
				INFOPLIST_KEY_CFBundleDisplayName = Mankai;
				INFOPLIST_KEY_LSApplicationCategoryType = "public.app-category.books";
				INFOPLIST_KEY_LSSupportsOpeningDocumentsInPlace = YES;
				INFOPLIST_KEY_UIApplicationSceneManifest_Generation = YES;
				INFOPLIST_KEY_UIApplicationSupportsIndirectInputEvents = YES;
				INFOPLIST_KEY_UILaunchScreen_Generation = YES;
				INFOPLIST_KEY_UISupportedInterfaceOrientations_iPad = "UIInterfaceOrientationPortrait UIInterfaceOrientationPortraitUpsideDown UIInterfaceOrientationLandscapeLeft UIInterfaceOrientationLandscapeRight";
				INFOPLIST_KEY_UISupportedInterfaceOrientations_iPhone = "UIInterfaceOrientationPortrait UIInterfaceOrientationLandscapeLeft UIInterfaceOrientationLandscapeRight";
				INFOPLIST_KEY_UISupportsDocumentBrowser = YES;
				IPHONEOS_DEPLOYMENT_TARGET = 17.0;
				LD_RUNPATH_SEARCH_PATHS = (
					"$(inherited)",
					"@executable_path/Frameworks",
				);
				MARKETING_VERSION = 0.5.1;
				PRODUCT_BUNDLE_IDENTIFIER = app.mankai;
				PRODUCT_NAME = "$(TARGET_NAME)";
				SUPPORTED_PLATFORMS = "iphoneos iphonesimulator";
				SUPPORTS_MACCATALYST = YES;
				SUPPORTS_MAC_DESIGNED_FOR_IPHONE_IPAD = NO;
				SUPPORTS_XR_DESIGNED_FOR_IPHONE_IPAD = NO;
				SWIFT_EMIT_LOC_STRINGS = YES;
				SWIFT_VERSION = 5.0;
				TARGETED_DEVICE_FAMILY = "1,2";
			};
			name = Debug;
		};
		E40C6B442E05A95900AF2FC9 /* Release */ = {
			isa = XCBuildConfiguration;
			buildSettings = {
				ASSETCATALOG_COMPILER_ALTERNATE_APPICON_NAMES = "HiganbanaIcon LilyIcon RoseIcon";
				ASSETCATALOG_COMPILER_APPICON_NAME = SakuraIcon;
				ASSETCATALOG_COMPILER_GLOBAL_ACCENT_COLOR_NAME = SakuraColor;
				ASSETCATALOG_COMPILER_INCLUDE_ALL_APPICON_ASSETS = NO;
				CODE_SIGN_STYLE = Automatic;
				CURRENT_PROJECT_VERSION = 88;
				DEVELOPMENT_ASSET_PATHS = "";
				DEVELOPMENT_TEAM = 27YQ6QDS2R;
				ENABLE_PREVIEWS = YES;
				GENERATE_INFOPLIST_FILE = YES;
				INFOPLIST_FILE = mankai/Info.plist;
				INFOPLIST_KEY_CFBundleDisplayName = Mankai;
				INFOPLIST_KEY_LSApplicationCategoryType = "public.app-category.books";
				INFOPLIST_KEY_LSSupportsOpeningDocumentsInPlace = YES;
				INFOPLIST_KEY_UIApplicationSceneManifest_Generation = YES;
				INFOPLIST_KEY_UIApplicationSupportsIndirectInputEvents = YES;
				INFOPLIST_KEY_UILaunchScreen_Generation = YES;
				INFOPLIST_KEY_UISupportedInterfaceOrientations_iPad = "UIInterfaceOrientationPortrait UIInterfaceOrientationPortraitUpsideDown UIInterfaceOrientationLandscapeLeft UIInterfaceOrientationLandscapeRight";
				INFOPLIST_KEY_UISupportedInterfaceOrientations_iPhone = "UIInterfaceOrientationPortrait UIInterfaceOrientationLandscapeLeft UIInterfaceOrientationLandscapeRight";
				INFOPLIST_KEY_UISupportsDocumentBrowser = YES;
				IPHONEOS_DEPLOYMENT_TARGET = 17.0;
				LD_RUNPATH_SEARCH_PATHS = (
					"$(inherited)",
					"@executable_path/Frameworks",
				);
				MARKETING_VERSION = 0.5.1;
				PRODUCT_BUNDLE_IDENTIFIER = app.mankai;
				PRODUCT_NAME = "$(TARGET_NAME)";
				SUPPORTED_PLATFORMS = "iphoneos iphonesimulator";
				SUPPORTS_MACCATALYST = YES;
				SUPPORTS_MAC_DESIGNED_FOR_IPHONE_IPAD = NO;
				SUPPORTS_XR_DESIGNED_FOR_IPHONE_IPAD = NO;
				SWIFT_EMIT_LOC_STRINGS = YES;
				SWIFT_VERSION = 5.0;
				TARGETED_DEVICE_FAMILY = "1,2";
			};
			name = Release;
		};
		E427B7863007F96E003649A2 /* Debug */ = {
			isa = XCBuildConfiguration;
			buildSettings = {
				CODE_SIGN_STYLE = Automatic;
				CURRENT_PROJECT_VERSION = 88;
				DEVELOPMENT_TEAM = 27YQ6QDS2R;
				GENERATE_INFOPLIST_FILE = YES;
				INFOPLIST_FILE = mankaiThumbnail/Info.plist;
				INFOPLIST_KEY_CFBundleDisplayName = mankaiThumbnail;
				INFOPLIST_KEY_NSHumanReadableCopyright = "";
				IPHONEOS_DEPLOYMENT_TARGET = 17.0;
				LD_RUNPATH_SEARCH_PATHS = (
					"$(inherited)",
					"@executable_path/Frameworks",
					"@executable_path/../../Frameworks",
				);
				MARKETING_VERSION = 0.5.1;
				PRODUCT_BUNDLE_IDENTIFIER = app.mankai.thumbnail;
				PRODUCT_NAME = "$(TARGET_NAME)";
				SKIP_INSTALL = YES;
				STRING_CATALOG_GENERATE_SYMBOLS = YES;
				SUPPORTED_PLATFORMS = "iphoneos iphonesimulator";
				SUPPORTS_MACCATALYST = YES;
				SUPPORTS_MAC_DESIGNED_FOR_IPHONE_IPAD = NO;
				SUPPORTS_XR_DESIGNED_FOR_IPHONE_IPAD = NO;
				SWIFT_APPROACHABLE_CONCURRENCY = YES;
				SWIFT_EMIT_LOC_STRINGS = YES;
				SWIFT_UPCOMING_FEATURE_MEMBER_IMPORT_VISIBILITY = YES;
				SWIFT_VERSION = 5.0;
				TARGETED_DEVICE_FAMILY = "1,2";
			};
			name = Debug;
		};
		E427B7873007F96E003649A2 /* Release */ = {
			isa = XCBuildConfiguration;
			buildSettings = {
				CODE_SIGN_STYLE = Automatic;
				CURRENT_PROJECT_VERSION = 88;
				DEVELOPMENT_TEAM = 27YQ6QDS2R;
				GENERATE_INFOPLIST_FILE = YES;
				INFOPLIST_FILE = mankaiThumbnail/Info.plist;
				INFOPLIST_KEY_CFBundleDisplayName = mankaiThumbnail;
				INFOPLIST_KEY_NSHumanReadableCopyright = "";
				IPHONEOS_DEPLOYMENT_TARGET = 17.0;
				LD_RUNPATH_SEARCH_PATHS = (
					"$(inherited)",
					"@executable_path/Frameworks",
					"@executable_path/../../Frameworks",
				);
				MARKETING_VERSION = 0.5.1;
				PRODUCT_BUNDLE_IDENTIFIER = app.mankai.thumbnail;
				PRODUCT_NAME = "$(TARGET_NAME)";
				SKIP_INSTALL = YES;
				STRING_CATALOG_GENERATE_SYMBOLS = YES;
				SUPPORTED_PLATFORMS = "iphoneos iphonesimulator";
				SUPPORTS_MACCATALYST = YES;
				SUPPORTS_MAC_DESIGNED_FOR_IPHONE_IPAD = NO;
				SUPPORTS_XR_DESIGNED_FOR_IPHONE_IPAD = NO;
				SWIFT_APPROACHABLE_CONCURRENCY = YES;
				SWIFT_EMIT_LOC_STRINGS = YES;
				SWIFT_UPCOMING_FEATURE_MEMBER_IMPORT_VISIBILITY = YES;
				SWIFT_VERSION = 5.0;
				TARGETED_DEVICE_FAMILY = "1,2";
			};
			name = Release;
		};
/* End XCBuildConfiguration section */

/* Begin XCConfigurationList section */
		E40C6B2F2E05A95700AF2FC9 /* Build configuration list for PBXProject "mankai" */ = {
			isa = XCConfigurationList;
			buildConfigurations = (
				E40C6B402E05A95900AF2FC9 /* Debug */,
				E40C6B412E05A95900AF2FC9 /* Release */,
			);
			defaultConfigurationIsVisible = 0;
			defaultConfigurationName = Release;
		};
		E40C6B422E05A95900AF2FC9 /* Build configuration list for PBXNativeTarget "mankai" */ = {
			isa = XCConfigurationList;
			buildConfigurations = (
				E40C6B432E05A95900AF2FC9 /* Debug */,
				E40C6B442E05A95900AF2FC9 /* Release */,
			);
			defaultConfigurationIsVisible = 0;
			defaultConfigurationName = Release;
		};
		E427B7883007F96E003649A2 /* Build configuration list for PBXNativeTarget "mankaiThumbnail" */ = {
			isa = XCConfigurationList;
			buildConfigurations = (
				E427B7863007F96E003649A2 /* Debug */,
				E427B7873007F96E003649A2 /* Release */,
			);
			defaultConfigurationIsVisible = 0;
			defaultConfigurationName = Release;
		};
/* End XCConfigurationList section */

/* Begin XCRemoteSwiftPackageReference section */
		E4033BA12F1BC53D00A7B886 /* XCRemoteSwiftPackageReference "SwiftyOpenCC" */ = {
			isa = XCRemoteSwiftPackageReference;
			repositoryURL = "https://github.com/ddddxxx/SwiftyOpenCC.git";
			requirement = {
				branch = master;
				kind = branch;
			};
		};
		E42E15012E2A9951006F8B98 /* XCRemoteSwiftPackageReference "GRDB.swift" */ = {
			isa = XCRemoteSwiftPackageReference;
			repositoryURL = "https://github.com/groue/GRDB.swift.git";
			requirement = {
				kind = revision;
				revision = aa0079aeb82a4bf00324561a40bffe68c6fe1c26;
			};
		};
		E4643181301F5A40003786FA /* XCRemoteSwiftPackageReference "UnrarKit" */ = {
			isa = XCRemoteSwiftPackageReference;
			repositoryURL = "https://github.com/xiaotianhu/UnrarKit";
			requirement = {
				branch = v2.11;
				kind = branch;
			};
		};
		E46452923020E344003786FA /* XCRemoteSwiftPackageReference "swift-package-list" */ = {
			isa = XCRemoteSwiftPackageReference;
			repositoryURL = "https://github.com/FelixHerrmann/swift-package-list";
			requirement = {
				kind = upToNextMinorVersion;
				minimumVersion = 4.10.0;
			};
		};
		E46469DB302264CA003786FA /* XCRemoteSwiftPackageReference "SwiftSMB" */ = {
			isa = XCRemoteSwiftPackageReference;
			repositoryURL = "https://github.com/RuiNelson/SwiftSMB";
			requirement = {
				kind = revision;
				revision = 2b9a92744b8e82ad763f29a399d2f0d32b6ee2d8;
			};
		};
		E464751130239A9C003786FA /* XCRemoteSwiftPackageReference "ReerCodable" */ = {
			isa = XCRemoteSwiftPackageReference;
			repositoryURL = "https://github.com/reers/ReerCodable";
			requirement = {
				kind = upToNextMinorVersion;
				minimumVersion = 1.8.0;
			};
		};
		E4957CDA304191BB001BC491 /* XCRemoteSwiftPackageReference "NFSKit" */ = {
			isa = XCRemoteSwiftPackageReference;
			repositoryURL = "https://github.com/alexiscn/NFSKit";
			requirement = {
				kind = revision;
				revision = ec63d055b9ee08d609d3c6cb32f42c07edc7bdf7;
			};
		};
		E4958E0E2F2FABE1004F2F4D /* XCRemoteSwiftPackageReference "supabase-swift" */ = {
			isa = XCRemoteSwiftPackageReference;
			repositoryURL = "https://github.com/supabase/supabase-swift.git";
			requirement = {
				kind = upToNextMinorVersion;
				minimumVersion = 2.41.0;
			};
		};
		E49598D730458D7B001BC491 /* XCRemoteSwiftPackageReference "Citadel" */ = {
			isa = XCRemoteSwiftPackageReference;
			repositoryURL = "https://github.com/orlandos-nl/Citadel";
			requirement = {
				kind = upToNextMinorVersion;
				minimumVersion = 0.12.1;
			};
		};
		E4C616452E0DA05400AC484A /* XCRemoteSwiftPackageReference "WrappingHStack" */ = {
			isa = XCRemoteSwiftPackageReference;
			repositoryURL = "https://github.com/dkk/WrappingHStack";
			requirement = {
				kind = upToNextMinorVersion;
				minimumVersion = 2.2.11;
			};
		};
		E4CAEFFA3006797500208FB4 /* XCRemoteSwiftPackageReference "ZIPFoundation" */ = {
			isa = XCRemoteSwiftPackageReference;
			repositoryURL = "https://github.com/weichsel/ZIPFoundation";
			requirement = {
				kind = upToNextMinorVersion;
				minimumVersion = 0.9.20;
			};
		};
		E4ED565D303371BB00F0499C /* XCRemoteSwiftPackageReference "WebDAV-Swift" */ = {
			isa = XCRemoteSwiftPackageReference;
			repositoryURL = "https://github.com/nohackjustnoobb/WebDAV-Swift";
			requirement = {
				kind = revision;
				revision = 8bde198bda09978d38e0c2033a9e09bb6a2a1362;
			};
		};
		E4ED56623033720700F0499C /* XCRemoteSwiftPackageReference "SWXMLHash" */ = {
			isa = XCRemoteSwiftPackageReference;
			repositoryURL = "https://github.com/drmohundro/SWXMLHash";
			requirement = {
				kind = upToNextMinorVersion;
				minimumVersion = 8.1.1;
			};
		};
/* End XCRemoteSwiftPackageReference section */

/* Begin XCSwiftPackageProductDependency section */
		E4033BA22F1BC53D00A7B886 /* OpenCC */ = {
			isa = XCSwiftPackageProductDependency;
			package = E4033BA12F1BC53D00A7B886 /* XCRemoteSwiftPackageReference "SwiftyOpenCC" */;
			productName = OpenCC;
		};
		E427B8733007F9E2003649A2 /* ZIPFoundation */ = {
			isa = XCSwiftPackageProductDependency;
			package = E4CAEFFA3006797500208FB4 /* XCRemoteSwiftPackageReference "ZIPFoundation" */;
			productName = ZIPFoundation;
		};
		E42E15022E2A9951006F8B98 /* GRDB */ = {
			isa = XCSwiftPackageProductDependency;
			package = E42E15012E2A9951006F8B98 /* XCRemoteSwiftPackageReference "GRDB.swift" */;
			productName = GRDB;
		};
		E4643182301F5A40003786FA /* UnrarKit */ = {
			isa = XCSwiftPackageProductDependency;
			package = E4643181301F5A40003786FA /* XCRemoteSwiftPackageReference "UnrarKit" */;
			productName = UnrarKit;
		};
		E4643184301F5A40003786FA /* UnrarKit */ = {
			isa = XCSwiftPackageProductDependency;
			package = E4643181301F5A40003786FA /* XCRemoteSwiftPackageReference "UnrarKit" */;
			productName = UnrarKit;
		};
		E46452933020E344003786FA /* SwiftPackageListUI */ = {
			isa = XCSwiftPackageProductDependency;
			package = E46452923020E344003786FA /* XCRemoteSwiftPackageReference "swift-package-list" */;
			productName = SwiftPackageListUI;
		};
		E46452953020E357003786FA /* SwiftPackageListPlugin */ = {
			isa = XCSwiftPackageProductDependency;
			package = E46452923020E344003786FA /* XCRemoteSwiftPackageReference "swift-package-list" */;
			productName = "plugin:SwiftPackageListPlugin";
		};
		E46469DC302264CA003786FA /* SwiftSMB */ = {
			isa = XCSwiftPackageProductDependency;
			package = E46469DB302264CA003786FA /* XCRemoteSwiftPackageReference "SwiftSMB" */;
			productName = SwiftSMB;
		};
		E464751230239A9C003786FA /* ReerCodable */ = {
			isa = XCSwiftPackageProductDependency;
			package = E464751130239A9C003786FA /* XCRemoteSwiftPackageReference "ReerCodable" */;
			productName = ReerCodable;
		};
		E4957CDB304191BB001BC491 /* NFSKit */ = {
			isa = XCSwiftPackageProductDependency;
			package = E4957CDA304191BB001BC491 /* XCRemoteSwiftPackageReference "NFSKit" */;
			productName = NFSKit;
		};
		E4958E0F2F2FABE1004F2F4D /* Supabase */ = {
			isa = XCSwiftPackageProductDependency;
			package = E4958E0E2F2FABE1004F2F4D /* XCRemoteSwiftPackageReference "supabase-swift" */;
			productName = Supabase;
		};
		E49598D830458D7B001BC491 /* Citadel */ = {
			isa = XCSwiftPackageProductDependency;
			package = E49598D730458D7B001BC491 /* XCRemoteSwiftPackageReference "Citadel" */;
			productName = Citadel;
		};
		E4C616462E0DA05400AC484A /* WrappingHStack */ = {
			isa = XCSwiftPackageProductDependency;
			package = E4C616452E0DA05400AC484A /* XCRemoteSwiftPackageReference "WrappingHStack" */;
			productName = WrappingHStack;
		};
		E4CAEFFB3006797500208FB4 /* ZIPFoundation */ = {
			isa = XCSwiftPackageProductDependency;
			package = E4CAEFFA3006797500208FB4 /* XCRemoteSwiftPackageReference "ZIPFoundation" */;
			productName = ZIPFoundation;
		};
		E4ED565E303371BB00F0499C /* WebDAV */ = {
			isa = XCSwiftPackageProductDependency;
			package = E4ED565D303371BB00F0499C /* XCRemoteSwiftPackageReference "WebDAV-Swift" */;
			productName = WebDAV;
		};
		E4ED56633033720700F0499C /* SWXMLHash */ = {
			isa = XCSwiftPackageProductDependency;
			package = E4ED56623033720700F0499C /* XCRemoteSwiftPackageReference "SWXMLHash" */;
			productName = SWXMLHash;
		};
		E4ED56663033735F00F0499C /* SWXMLHash */ = {
			isa = XCSwiftPackageProductDependency;
			package = E4ED56623033720700F0499C /* XCRemoteSwiftPackageReference "SWXMLHash" */;
			productName = SWXMLHash;
		};
/* End XCSwiftPackageProductDependency section */
	};
	rootObject = E40C6B2C2E05A95700AF2FC9 /* Project object */;
}
